
Microsoft Visual Studio Solution File, Format Version 12.00
# Visual Studio 15
VisualStudioVersion = 15.0.27703.2042
MinimumVisualStudioVersion = 10.0.40219.1
Project("{FAE04EC0-301F-11D3-BF4B-00C04F79EFBC}") = "test.Android", "test\test.Android\test.Android.csproj", "{0BEEC983-09EB-4E32-8AA2-D561596C57EB}"
EndProject
Project("{FAE04EC0-301F-11D3-BF4B-00C04F79EFBC}") = "test.iOS", "test\test.iOS\test.iOS.csproj", "{2080942E-0B9F-48AD-B000-7F81FE0F84AF}"
EndProject
Project("{FAE04EC0-301F-11D3-BF4B-00C04F79EFBC}") = "test", "test\test\test.csproj", "{3FDF2B03-1081-41C6-8F6D-C6A2E92FD45A}"
EndProject
Global
	GlobalSection(SolutionConfigurationPlatforms) = preSolution
		Ad-Hoc|Any CPU = Ad-Hoc|Any CPU
		Ad-Hoc|iPhone = Ad-Hoc|iPhone
		Ad-Hoc|iPhoneSimulator = Ad-Hoc|iPhoneSimulator
		AppStore|Any CPU = AppStore|Any CPU
		AppStore|iPhone = AppStore|iPhone
		AppStore|iPhoneSimulator = AppStore|iPhoneSimulator
		Debug|Any CPU = Debug|Any CPU
		Debug|iPhone = Debug|iPhone
		Debug|iPhoneSimulator = Debug|iPhoneSimulator
		Release|Any CPU = Release|Any CPU
		Release|iPhone = Release|iPhone
		Release|iPhoneSimulator = Release|iPhoneSimulator
	EndGlobalSection
	GlobalSection(ProjectConfigurationPlatforms) = postSolution
		{0BEEC983-09EB-4E32-8AA2-D561596C57EB}.Ad-Hoc|Any CPU.ActiveCfg = Release|Any CPU
		{0BEEC983-09EB-4E32-8AA2-D561596C57EB}.Ad-Hoc|Any CPU.Build.0 = Release|Any CPU
		{0BEEC983-09EB-4E32-8AA2-D561596C57EB}.Ad-Hoc|Any CPU.Deploy.0 = Release|Any CPU
		{0BEEC983-09EB-4E32-8AA2-D561596C57EB}.Ad-Hoc|iPhone.ActiveCfg = Release|Any CPU
		{0BEEC983-09EB-4E32-8AA2-D561596C57EB}.Ad-Hoc|iPhone.Build.0 = Release|Any CPU
		{0BEEC983-09EB-4E32-8AA2-D561596C57EB}.Ad-Hoc|iPhone.Deploy.0 = Release|Any CPU
		{0BEEC983-09EB-4E32-8AA2-D561596C57EB}.Ad-Hoc|iPhoneSimulator.ActiveCfg = Release|Any CPU
		{0BEEC983-09EB-4E32-8AA2-D561596C57EB}.Ad-Hoc|iPhoneSimulator.Build.0 = Release|Any CPU
		{0BEEC983-09EB-4E32-8AA2-D561596C57EB}.Ad-Hoc|iPhoneSimulator.Deploy.0 = Release|Any CPU
		{0BEEC983-09EB-4E32-8AA2-D561596C57EB}.AppStore|Any CPU.ActiveCfg = Release|Any CPU
		{0BEEC983-09EB-4E32-8AA2-D561596C57EB}.AppStore|Any CPU.Build.0 = Release|Any CPU
		{0BEEC983-09EB-4E32-8AA2-D561596C57EB}.AppStore|Any CPU.Deploy.0 = Release|Any CPU
		{0BEEC983-09EB-4E32-8AA2-D561596C57EB}.AppStore|iPhone.ActiveCfg = Release|Any CPU
		{0BEEC983-09EB-4E32-8AA2-D561596C57EB}.AppStore|iPhone.Build.0 = Release|Any CPU
		{0BEEC983-09EB-4E32-8AA2-D561596C57EB}.AppStore|iPhone.Deploy.0 = Release|Any CPU
		{0BEEC983-09EB-4E32-8AA2-D561596C57EB}.AppStore|iPhoneSimulator.ActiveCfg = Release|Any CPU
		{0BEEC983-09EB-4E32-8AA2-D561596C57EB}.AppStore|iPhoneSimulator.Build.0 = Release|Any CPU
		{0BEEC983-09EB-4E32-8AA2-D561596C57EB}.AppStore|iPhoneSimulator.Deploy.0 = Release|Any CPU
		{0BEEC983-09EB-4E32-8AA2-D561596C57EB}.Debug|Any CPU.ActiveCfg = Debug|Any CPU
		{0BEEC983-09EB-4E32-8AA2-D561596C57EB}.Debug|Any CPU.Build.0 = Debug|Any CPU
		{0BEEC983-09EB-4E32-8AA2-D561596C57EB}.Debug|Any CPU.Deploy.0 = Debug|Any CPU
		{0BEEC983-09EB-4E32-8AA2-D561596C57EB}.Debug|iPhone.ActiveCfg = Debug|Any CPU
		{0BEEC983-09EB-4E32-8AA2-D561596C57EB}.Debug|iPhone.Build.0 = Debug|Any CPU
		{0BEEC983-09EB-4E32-8AA2-D561596C57EB}.Debug|iPhone.Deploy.0 = Debug|Any CPU
		{0BEEC983-09EB-4E32-8AA2-D561596C57EB}.Debug|iPhoneSimulator.ActiveCfg = Debug|Any CPU
		{0BEEC983-09EB-4E32-8AA2-D561596C57EB}.Debug|iPhoneSimulator.Build.0 = Debug|Any CPU
		{0BEEC983-09EB-4E32-8AA2-D561596C57EB}.Debug|iPhoneSimulator.Deploy.0 = Debug|Any CPU
		{0BEEC983-09EB-4E32-8AA2-D561596C57EB}.Release|Any CPU.ActiveCfg = Release|Any CPU
		{0BEEC983-09EB-4E32-8AA2-D561596C57EB}.Release|Any CPU.Build.0 = Release|Any CPU
		{0BEEC983-09EB-4E32-8AA2-D561596C57EB}.Release|Any CPU.Deploy.0 = Release|Any CPU
		{0BEEC983-09EB-4E32-8AA2-D561596C57EB}.Release|iPhone.ActiveCfg = Release|Any CPU
		{0BEEC983-09EB-4E32-8AA2-D561596C57EB}.Release|iPhone.Build.0 = Release|Any CPU
		{0BEEC983-09EB-4E32-8AA2-D561596C57EB}.Release|iPhone.Deploy.0 = Release|Any CPU
		{0BEEC983-09EB-4E32-8AA2-D561596C57EB}.Release|iPhoneSimulator.ActiveCfg = Release|Any CPU
		{0BEEC983-09EB-4E32-8AA2-D561596C57EB}.Release|iPhoneSimulator.Build.0 = Release|Any CPU
		{0BEEC983-09EB-4E32-8AA2-D561596C57EB}.Release|iPhoneSimulator.Deploy.0 = Release|Any CPU
		{2080942E-0B9F-48AD-B000-7F81FE0F84AF}.Ad-Hoc|Any CPU.ActiveCfg = Ad-Hoc|iPhone
		{2080942E-0B9F-48AD-B000-7F81FE0F84AF}.Ad-Hoc|Any CPU.Build.0 = Ad-Hoc|iPhone
		{2080942E-0B9F-48AD-B000-7F81FE0F84AF}.Ad-Hoc|Any CPU.Deploy.0 = Ad-Hoc|iPhone
		{2080942E-0B9F-48AD-B000-7F81FE0F84AF}.Ad-Hoc|iPhone.ActiveCfg = Ad-Hoc|iPhone
		{2080942E-0B9F-48AD-B000-7F81FE0F84AF}.Ad-Hoc|iPhone.Build.0 = Ad-Hoc|iPhone
		{2080942E-0B9F-48AD-B000-7F81FE0F84AF}.Ad-Hoc|iPhone.Deploy.0 = Ad-Hoc|iPhone
		{2080942E-0B9F-48AD-B000-7F81FE0F84AF}.Ad-Hoc|iPhoneSimulator.ActiveCfg = Ad-Hoc|iPhoneSimulator
		{2080942E-0B9F-48AD-B000-7F81FE0F84AF}.Ad-Hoc|iPhoneSimulator.Build.0 = Ad-Hoc|iPhoneSimulator
		{2080942E-0B9F-48AD-B000-7F81FE0F84AF}.Ad-Hoc|iPhoneSimulator.Deploy.0 = Ad-Hoc|iPhoneSimulator
		{2080942E-0B9F-48AD-B000-7F81FE0F84AF}.AppStore|Any CPU.ActiveCfg = AppStore|iPhone
		{2080942E-0B9F-48AD-B000-7F81FE0F84AF}.AppStore|Any CPU.Build.0 = AppStore|iPhone
		{2080942E-0B9F-48AD-B000-7F81FE0F84AF}.AppStore|Any CPU.Deploy.0 = AppStore|iPhone
		{2080942E-0B9F-48AD-B000-7F81FE0F84AF}.AppStore|iPhone.ActiveCfg = AppStore|iPhone
		{2080942E-0B9F-48AD-B000-7F81FE0F84AF}.AppStore|iPhone.Build.0 = AppStore|iPhone
		{2080942E-0B9F-48AD-B000-7F81FE0F84AF}.AppStore|iPhone.Deploy.0 = AppStore|iPhone
		{2080942E-0B9F-48AD-B000-7F81FE0F84AF}.AppStore|iPhoneSimulator.ActiveCfg = AppStore|iPhoneSimulator
		{2080942E-0B9F-48AD-B000-7F81FE0F84AF}.AppStore|iPhoneSimulator.Build.0 = AppStore|iPhoneSimulator
		{2080942E-0B9F-48AD-B000-7F81FE0F84AF}.AppStore|iPhoneSimulator.Deploy.0 = AppStore|iPhoneSimulator
		{2080942E-0B9F-48AD-B000-7F81FE0F84AF}.Debug|Any CPU.ActiveCfg = Debug|iPhoneSimulator
		{2080942E-0B9F-48AD-B000-7F81FE0F84AF}.Debug|Any CPU.Build.0 = Debug|iPhoneSimulator
		{2080942E-0B9F-48AD-B000-7F81FE0F84AF}.Debug|Any CPU.Deploy.0 = Debug|iPhoneSimulator
		{2080942E-0B9F-48AD-B000-7F81FE0F84AF}.Debug|iPhone.ActiveCfg = Debug|iPhone
		{2080942E-0B9F-48AD-B000-7F81FE0F84AF}.Debug|iPhone.Build.0 = Debug|iPhone
		{2080942E-0B9F-48AD-B000-7F81FE0F84AF}.Debug|iPhone.Deploy.0 = Debug|iPhone
		{2080942E-0B9F-48AD-B000-7F81FE0F84AF}.Debug|iPhoneSimulator.ActiveCfg = Debug|iPhoneSimulator
		{2080942E-0B9F-48AD-B000-7F81FE0F84AF}.Debug|iPhoneSimulator.Build.0 = Debug|iPhoneSimulator
		{2080942E-0B9F-48AD-B000-7F81FE0F84AF}.Debug|iPhoneSimulator.Deploy.0 = Debug|iPhoneSimulator
		{2080942E-0B9F-48AD-B000-7F81FE0F84AF}.Release|Any CPU.ActiveCfg = Release|iPhone
		{2080942E-0B9F-48AD-B000-7F81FE0F84AF}.Release|Any CPU.Build.0 = Release|iPhone
		{2080942E-0B9F-48AD-B000-7F81FE0F84AF}.Release|Any CPU.Deploy.0 = Release|iPhone
		{2080942E-0B9F-48AD-B000-7F81FE0F84AF}.Release|iPhone.ActiveCfg = Release|iPhone
		{2080942E-0B9F-48AD-B000-7F81FE0F84AF}.Release|iPhone.Build.0 = Release|iPhone
		{2080942E-0B9F-48AD-B000-7F81FE0F84AF}.Release|iPhone.Deploy.0 = Release|iPhone
		{2080942E-0B9F-48AD-B000-7F81FE0F84AF}.Release|iPhoneSimulator.ActiveCfg = Release|iPhoneSimulator
		{2080942E-0B9F-48AD-B000-7F81FE0F84AF}.Release|iPhoneSimulator.Build.0 = Release|iPhoneSimulator
		{2080942E-0B9F-48AD-B000-7F81FE0F84AF}.Release|iPhoneSimulator.Deploy.0 = Release|iPhoneSimulator
		{3FDF2B03-1081-41C6-8F6D-C6A2E92FD45A}.Ad-Hoc|Any CPU.ActiveCfg = Debug|Any CPU
		{3FDF2B03-1081-41C6-8F6D-C6A2E92FD45A}.Ad-Hoc|Any CPU.Build.0 = Debug|Any CPU
		{3FDF2B03-1081-41C6-8F6D-C6A2E92FD45A}.Ad-Hoc|Any CPU.Deploy.0 = Debug|Any CPU
		{3FDF2B03-1081-41C6-8F6D-C6A2E92FD45A}.Ad-Hoc|iPhone.ActiveCfg = Debug|Any CPU
		{3FDF2B03-1081-41C6-8F6D-C6A2E92FD45A}.Ad-Hoc|iPhone.Build.0 = Debug|Any CPU
		{3FDF2B03-1081-41C6-8F6D-C6A2E92FD45A}.Ad-Hoc|iPhone.Deploy.0 = Debug|Any CPU
		{3FDF2B03-1081-41C6-8F6D-C6A2E92FD45A}.Ad-Hoc|iPhoneSimulator.ActiveCfg = Debug|Any CPU
		{3FDF2B03-1081-41C6-8F6D-C6A2E92FD45A}.Ad-Hoc|iPhoneSimulator.Build.0 = Debug|Any CPU
		{3FDF2B03-1081-41C6-8F6D-C6A2E92FD45A}.Ad-Hoc|iPhoneSimulator.Deploy.0 = Debug|Any CPU
		{3FDF2B03-1081-41C6-8F6D-C6A2E92FD45A}.AppStore|Any CPU.ActiveCfg = Debug|Any CPU
		{3FDF2B03-1081-41C6-8F6D-C6A2E92FD45A}.AppStore|Any CPU.Build.0 = Debug|Any CPU
		{3FDF2B03-1081-41C6-8F6D-C6A2E92FD45A}.AppStore|Any CPU.Deploy.0 = Debug|Any CPU
		{3FDF2B03-1081-41C6-8F6D-C6A2E92FD45A}.AppStore|iPhone.ActiveCfg = Debug|Any CPU
		{3FDF2B03-1081-41C6-8F6D-C6A2E92FD45A}.AppStore|iPhone.Build.0 = Debug|Any CPU
		{3FDF2B03-1081-41C6-8F6D-C6A2E92FD45A}.AppStore|iPhone.Deploy.0 = Debug|Any CPU
		{3FDF2B03-1081-41C6-8F6D-C6A2E92FD45A}.AppStore|iPhoneSimulator.ActiveCfg = Debug|Any CPU
		{3FDF2B03-1081-41C6-8F6D-C6A2E92FD45A}.AppStore|iPhoneSimulator.Build.0 = Debug|Any CPU
		{3FDF2B03-1081-41C6-8F6D-C6A2E92FD45A}.AppStore|iPhoneSimulator.Deploy.0 = Debug|Any CPU
		{3FDF2B03-1081-41C6-8F6D-C6A2E92FD45A}.Debug|Any CPU.ActiveCfg = Debug|Any CPU
		{3FDF2B03-1081-41C6-8F6D-C6A2E92FD45A}.Debug|Any CPU.Build.0 = Debug|Any CPU
		{3FDF2B03-1081-41C6-8F6D-C6A2E92FD45A}.Debug|Any CPU.Deploy.0 = Debug|Any CPU
		{3FDF2B03-1081-41C6-8F6D-C6A2E92FD45A}.Debug|iPhone.ActiveCfg = Debug|Any CPU
		{3FDF2B03-1081-41C6-8F6D-C6A2E92FD45A}.Debug|iPhone.Build.0 = Debug|Any CPU
		{3FDF2B03-1081-41C6-8F6D-C6A2E92FD45A}.Debug|iPhone.Deploy.0 = Debug|Any CPU
		{3FDF2B03-1081-41C6-8F6D-C6A2E92FD45A}.Debug|iPhoneSimulator.ActiveCfg = Debug|Any CPU
		{3FDF2B03-1081-41C6-8F6D-C6A2E92FD45A}.Debug|iPhoneSimulator.Build.0 = Debug|Any CPU
		{3FDF2B03-1081-41C6-8F6D-C6A2E92FD45A}.Debug|iPhoneSimulator.Deploy.0 = Debug|Any CPU
		{3FDF2B03-1081-41C6-8F6D-C6A2E92FD45A}.Release|Any CPU.ActiveCfg = Release|Any CPU
		{3FDF2B03-1081-41C6-8F6D-C6A2E92FD45A}.Release|Any CPU.Build.0 = Release|Any CPU
		{3FDF2B03-1081-41C6-8F6D-C6A2E92FD45A}.Release|Any CPU.Deploy.0 = Release|Any CPU
		{3FDF2B03-1081-41C6-8F6D-C6A2E92FD45A}.Release|iPhone.ActiveCfg = Release|Any CPU
		{3FDF2B03-1081-41C6-8F6D-C6A2E92FD45A}.Release|iPhone.Build.0 = Release|Any CPU
		{3FDF2B03-1081-41C6-8F6D-C6A2E92FD45A}.Release|iPhone.Deploy.0 = Release|Any CPU
		{3FDF2B03-1081-41C6-8F6D-C6A2E92FD45A}.Release|iPhoneSimulator.ActiveCfg = Release|Any CPU
		{3FDF2B03-1081-41C6-8F6D-C6A2E92FD45A}.Release|iPhoneSimulator.Build.0 = Release|Any CPU
		{3FDF2B03-1081-41C6-8F6D-C6A2E92FD45A}.Release|iPhoneSimulator.Deploy.0 = Release|Any CPU
	EndGlobalSection
	GlobalSection(SolutionProperties) = preSolution
		HideSolutionNode = FALSE
	EndGlobalSection
	GlobalSection(ExtensibilityGlobals) = postSolution
		SolutionGuid = {78310570-2F69-4222-835B-FD75C876EAFF}
	EndGlobalSection
EndGlobal
